
Microsoft Visual Studio Solution File, Format Version 12.00
# Visual Studio Version 17
VisualStudioVersion = 17.7.34302.85
MinimumVisualStudioVersion = 10.0.40219.1
Project("{9A19103F-16F7-4668-BE54-9A1E7A4F7556}") = "Ticketing.DAL", "Ticketing.DAL\Ticketing.DAL.csproj", "{C1E4EB2E-477D-4025-9A71-45BB6AC927DC}"
EndProject
Global
	GlobalSection(SolutionConfigurationPlatforms) = preSolution
		Debug|Any CPU = Debug|Any CPU
		Release|Any CPU = Release|Any CPU
	EndGlobalSection
	GlobalSection(ProjectConfigurationPlatforms) = postSolution
		{C1E4EB2E-477D-4025-9A71-45BB6AC927DC}.Debug|Any CPU.ActiveCfg = Debug|Any CPU
		{C1E4EB2E-477D-4025-9A71-45BB6AC927DC}.Debug|Any CPU.Build.0 = Debug|Any CPU
		{C1E4EB2E-477D-4025-9A71-45BB6AC927DC}.Release|Any CPU.ActiveCfg = Release|Any CPU
		{C1E4EB2E-477D-4025-9A71-45BB6AC927DC}.Release|Any CPU.Build.0 = Release|Any CPU
	EndGlobalSection
	GlobalSection(SolutionProperties) = preSolution
		HideSolutionNode = FALSE
	EndGlobalSection
	GlobalSection(ExtensibilityGlobals) = postSolution
		SolutionGuid = {E5360EF8-5082-415D-8353-A79367B48E38}
	EndGlobalSection
EndGlobal
